
Microsoft Visual Studio Solution File, Format Version 11.00
# Visual Studio 2010
Project("{FAE04EC0-301F-11D3-BF4B-00C04F79EFBC}") = "FancyScrollView", "FancyScrollView.csproj", "{30bc122a-0c44-f78f-6320-ac8ea0b036d8}"
EndProject
Project("{FAE04EC0-301F-11D3-BF4B-00C04F79EFBC}") = "Assembly-CSharp", "Assembly-CSharp.csproj", "{84a3a345-399b-f3b2-0e26-aa87d2c9ee7a}"
EndProject
Project("{FAE04EC0-301F-11D3-BF4B-00C04F79EFBC}") = "FancyScrollView.Editor", "FancyScrollView.Editor.csproj", "{e16adc8b-0a68-6538-2ca5-e4bdcfe69862}"
EndProject
Global
	GlobalSection(SolutionConfigurationPlatforms) = preSolution
		Debug|Any CPU = Debug|Any CPU
	EndGlobalSection
	GlobalSection(ProjectConfigurationPlatforms) = postSolution
		{30bc122a-0c44-f78f-6320-ac8ea0b036d8}.Debug|Any CPU.ActiveCfg = Debug|Any CPU
		{30bc122a-0c44-f78f-6320-ac8ea0b036d8}.Debug|Any CPU.Build.0 = Debug|Any CPU
		{84a3a345-399b-f3b2-0e26-aa87d2c9ee7a}.Debug|Any CPU.ActiveCfg = Debug|Any CPU
		{84a3a345-399b-f3b2-0e26-aa87d2c9ee7a}.Debug|Any CPU.Build.0 = Debug|Any CPU
		{e16adc8b-0a68-6538-2ca5-e4bdcfe69862}.Debug|Any CPU.ActiveCfg = Debug|Any CPU
		{e16adc8b-0a68-6538-2ca5-e4bdcfe69862}.Debug|Any CPU.Build.0 = Debug|Any CPU
	EndGlobalSection
	GlobalSection(SolutionProperties) = preSolution
		HideSolutionNode = FALSE
	EndGlobalSection
EndGlobal
